
Microsoft Visual Studio Solution File, Format Version 12.00
# Visual Studio Version 16
VisualStudioVersion = 25.0.1705.4
MinimumVisualStudioVersion = 10.0.40219.1
Project("{FAE04EC0-301F-11D3-BF4B-00C04F79EFBC}") = "hello", "hello\hello.csproj", "{AF46356E-BA3A-4B68-98ED-4CDA0D0DBE5A}"
EndProject
Global
	GlobalSection(SolutionConfigurationPlatforms) = preSolution
		Debug|Any CPU = Debug|Any CPU
		Release|Any CPU = Release|Any CPU
	EndGlobalSection
	GlobalSection(ProjectConfigurationPlatforms) = postSolution
		{AF46356E-BA3A-4B68-98ED-4CDA0D0DBE5A}.Debug|Any CPU.ActiveCfg = Debug|Any CPU
		{AF46356E-BA3A-4B68-98ED-4CDA0D0DBE5A}.Debug|Any CPU.Build.0 = Debug|Any CPU
		{AF46356E-BA3A-4B68-98ED-4CDA0D0DBE5A}.Release|Any CPU.ActiveCfg = Release|Any CPU
		{AF46356E-BA3A-4B68-98ED-4CDA0D0DBE5A}.Release|Any CPU.Build.0 = Release|Any CPU
	EndGlobalSection
	GlobalSection(SolutionProperties) = preSolution
		HideSolutionNode = FALSE
	EndGlobalSection
	GlobalSection(ExtensibilityGlobals) = postSolution
		SolutionGuid = {8A567EB1-ABBA-4B45-B354-7774455B7009}
	EndGlobalSection
EndGlobal
